
Microsoft Visual Studio Solution File, Format Version 12.00
# Visual Studio Version 17
VisualStudioVersion = 17.8.34330.188
MinimumVisualStudioVersion = 10.0.40219.1
Project("{FAE04EC0-301F-11D3-BF4B-00C04F79EFBC}") = "APIToyKids", "APIToyKids\APIToyKids.csproj", "{53B7B598-0207-4955-9C10-93EF4C1FD5B6}"
EndProject
Global
	GlobalSection(SolutionConfigurationPlatforms) = preSolution
		Debug|Any CPU = Debug|Any CPU
		Release|Any CPU = Release|Any CPU
	EndGlobalSection
	GlobalSection(ProjectConfigurationPlatforms) = postSolution
		{53B7B598-0207-4955-9C10-93EF4C1FD5B6}.Debug|Any CPU.ActiveCfg = Debug|Any CPU
		{53B7B598-0207-4955-9C10-93EF4C1FD5B6}.Debug|Any CPU.Build.0 = Debug|Any CPU
		{53B7B598-0207-4955-9C10-93EF4C1FD5B6}.Release|Any CPU.ActiveCfg = Release|Any CPU
		{53B7B598-0207-4955-9C10-93EF4C1FD5B6}.Release|Any CPU.Build.0 = Release|Any CPU
	EndGlobalSection
	GlobalSection(SolutionProperties) = preSolution
		HideSolutionNode = FALSE
	EndGlobalSection
	GlobalSection(ExtensibilityGlobals) = postSolution
		SolutionGuid = {C73A40B0-98E6-49A2-ADA9-4B06087CEA0C}
	EndGlobalSection
EndGlobal
